
Microsoft Visual Studio Solution File, Format Version 12.00
# Visual Studio Version 17
VisualStudioVersion = 17.8.34330.188
MinimumVisualStudioVersion = 10.0.40219.1
Project("{9A19103F-16F7-4668-BE54-9A1E7A4F7556}") = "Shop.Server", "Shop.Server\Shop.Server.csproj", "{16B741AD-9D75-463A-8F96-0820E9254BF2}"
EndProject
Project("{FAE04EC0-301F-11D3-BF4B-00C04F79EFBC}") = "Shop.Web", "Shop.Web\Shop.Web.csproj", "{3C162EEA-1250-4389-B2A3-ECC255257D02}"
EndProject
Project("{FAE04EC0-301F-11D3-BF4B-00C04F79EFBC}") = "Shop.Common", "Shop.Common\Shop.Common.csproj", "{D4EB832F-6EA7-4DFE-8361-7847438384D0}"
EndProject
Project("{FAE04EC0-301F-11D3-BF4B-00C04F79EFBC}") = "Shop.Database", "Shop.Database\Shop.Database.csproj", "{D2CFE7B7-3CBA-404B-A67D-0C09FE60732A}"
EndProject
Project("{FAE04EC0-301F-11D3-BF4B-00C04F79EFBC}") = "Shop.Postgre.Migrations", "Shop.Postgre.Migrations\Shop.Postgre.Migrations.csproj", "{A66B7C77-B614-40F8-95B1-B01BF7667E5A}"
EndProject
Global
	GlobalSection(SolutionConfigurationPlatforms) = preSolution
		Debug|Any CPU = Debug|Any CPU
		Release|Any CPU = Release|Any CPU
	EndGlobalSection
	GlobalSection(ProjectConfigurationPlatforms) = postSolution
		{16B741AD-9D75-463A-8F96-0820E9254BF2}.Debug|Any CPU.ActiveCfg = Debug|Any CPU
		{16B741AD-9D75-463A-8F96-0820E9254BF2}.Debug|Any CPU.Build.0 = Debug|Any CPU
		{16B741AD-9D75-463A-8F96-0820E9254BF2}.Release|Any CPU.ActiveCfg = Release|Any CPU
		{16B741AD-9D75-463A-8F96-0820E9254BF2}.Release|Any CPU.Build.0 = Release|Any CPU
		{3C162EEA-1250-4389-B2A3-ECC255257D02}.Debug|Any CPU.ActiveCfg = Debug|Any CPU
		{3C162EEA-1250-4389-B2A3-ECC255257D02}.Debug|Any CPU.Build.0 = Debug|Any CPU
		{3C162EEA-1250-4389-B2A3-ECC255257D02}.Release|Any CPU.ActiveCfg = Release|Any CPU
		{3C162EEA-1250-4389-B2A3-ECC255257D02}.Release|Any CPU.Build.0 = Release|Any CPU
		{D4EB832F-6EA7-4DFE-8361-7847438384D0}.Debug|Any CPU.ActiveCfg = Debug|Any CPU
		{D4EB832F-6EA7-4DFE-8361-7847438384D0}.Debug|Any CPU.Build.0 = Debug|Any CPU
		{D4EB832F-6EA7-4DFE-8361-7847438384D0}.Release|Any CPU.ActiveCfg = Release|Any CPU
		{D4EB832F-6EA7-4DFE-8361-7847438384D0}.Release|Any CPU.Build.0 = Release|Any CPU
		{D2CFE7B7-3CBA-404B-A67D-0C09FE60732A}.Debug|Any CPU.ActiveCfg = Debug|Any CPU
		{D2CFE7B7-3CBA-404B-A67D-0C09FE60732A}.Debug|Any CPU.Build.0 = Debug|Any CPU
		{D2CFE7B7-3CBA-404B-A67D-0C09FE60732A}.Release|Any CPU.ActiveCfg = Release|Any CPU
		{D2CFE7B7-3CBA-404B-A67D-0C09FE60732A}.Release|Any CPU.Build.0 = Release|Any CPU
		{A66B7C77-B614-40F8-95B1-B01BF7667E5A}.Debug|Any CPU.ActiveCfg = Debug|Any CPU
		{A66B7C77-B614-40F8-95B1-B01BF7667E5A}.Debug|Any CPU.Build.0 = Debug|Any CPU
		{A66B7C77-B614-40F8-95B1-B01BF7667E5A}.Release|Any CPU.ActiveCfg = Release|Any CPU
		{A66B7C77-B614-40F8-95B1-B01BF7667E5A}.Release|Any CPU.Build.0 = Release|Any CPU
	EndGlobalSection
	GlobalSection(SolutionProperties) = preSolution
		HideSolutionNode = FALSE
	EndGlobalSection
	GlobalSection(ExtensibilityGlobals) = postSolution
		SolutionGuid = {C62CDD04-1514-45BD-85C7-C72186D0FECD}
	EndGlobalSection
EndGlobal
